{
	"name": "replacements-1",
	"lockfileVersion": 2,
	"requires": true,
	"packages": {
		"": {
			"dependencies": {
				"@emotion/core": "^11.0.0"
			}
		},
		"node_modules/@emotion/core": {
			"version": "11.0.0",
			"resolved": "https://registry.npmjs.org/@emotion/core/-/core-11.0.0.tgz",
			"integrity": "sha512-w4sE3AmHmyG6RDKf6mIbtHpgJUSJ2uGvPQb8VXFL7hFjMPibE8IiehG8cMX3Ztm4svfCQV6KqusQbeIOkurBcA=="
		}
	},
	"dependencies": {
		"@emotion/core": {
			"version": "11.0.0",
			"resolved": "https://registry.npmjs.org/@emotion/core/-/core-11.0.0.tgz",
			"integrity": "sha512-w4sE3AmHmyG6RDKf6mIbtHpgJUSJ2uGvPQb8VXFL7hFjMPibE8IiehG8cMX3Ztm4svfCQV6KqusQbeIOkurBcA=="
		}
	}
}
